
Microsoft Visual Studio Solution File, Format Version 12.00
# Visual Studio Version 17
VisualStudioVersion = 17.5.33627.172
MinimumVisualStudioVersion = 10.0.40219.1
Project("{FAE04EC0-301F-11D3-BF4B-00C04F79EFBC}") = "OOPEWC", "OOPEWC.csproj", "{2278B368-C9AB-4CD9-B6FF-AB1ADD1CDF13}"
EndProject
Global
	GlobalSection(SolutionConfigurationPlatforms) = preSolution
		Debug|Any CPU = Debug|Any CPU
		Release|Any CPU = Release|Any CPU
	EndGlobalSection
	GlobalSection(ProjectConfigurationPlatforms) = postSolution
		{2278B368-C9AB-4CD9-B6FF-AB1ADD1CDF13}.Debug|Any CPU.ActiveCfg = Debug|Any CPU
		{2278B368-C9AB-4CD9-B6FF-AB1ADD1CDF13}.Debug|Any CPU.Build.0 = Debug|Any CPU
		{2278B368-C9AB-4CD9-B6FF-AB1ADD1CDF13}.Release|Any CPU.ActiveCfg = Release|Any CPU
		{2278B368-C9AB-4CD9-B6FF-AB1ADD1CDF13}.Release|Any CPU.Build.0 = Release|Any CPU
	EndGlobalSection
	GlobalSection(SolutionProperties) = preSolution
		HideSolutionNode = FALSE
	EndGlobalSection
	GlobalSection(ExtensibilityGlobals) = postSolution
		SolutionGuid = {BCF53C82-36B8-4470-862D-31CCCD528E16}
	EndGlobalSection
EndGlobal
